
Microsoft Visual Studio Solution File, Format Version 12.00
# Visual Studio 15
VisualStudioVersion = 15.0.27703.2000
MinimumVisualStudioVersion = 10.0.40219.1
Project("{FAE04EC0-301F-11D3-BF4B-00C04F79EFBC}") = "ProjectQLVeSo", "ProjectQLVeSo\ProjectQLVeSo.csproj", "{31298CA2-5C68-4E9B-9256-9252FC711234}"
EndProject
Global
	GlobalSection(SolutionConfigurationPlatforms) = preSolution
		Debug|Any CPU = Debug|Any CPU
		Release|Any CPU = Release|Any CPU
	EndGlobalSection
	GlobalSection(ProjectConfigurationPlatforms) = postSolution
		{31298CA2-5C68-4E9B-9256-9252FC711234}.Debug|Any CPU.ActiveCfg = Debug|Any CPU
		{31298CA2-5C68-4E9B-9256-9252FC711234}.Debug|Any CPU.Build.0 = Debug|Any CPU
		{31298CA2-5C68-4E9B-9256-9252FC711234}.Release|Any CPU.ActiveCfg = Release|Any CPU
		{31298CA2-5C68-4E9B-9256-9252FC711234}.Release|Any CPU.Build.0 = Release|Any CPU
	EndGlobalSection
	GlobalSection(SolutionProperties) = preSolution
		HideSolutionNode = FALSE
	EndGlobalSection
	GlobalSection(ExtensibilityGlobals) = postSolution
		SolutionGuid = {419AE7D2-7469-4070-88AA-8EC1D34002BA}
	EndGlobalSection
EndGlobal
